{
  "name": "node-uap",
  "version": "0.0.2",
  "lockfileVersion": 1,
  "requires": true,
  "dependencies": {
    "uap-core": {
      "version": "git://github.com/ua-parser/uap-core.git#2e6c983e42e7aae7d957a263cb4d3de7ccbd92af",
      "from": "git://github.com/ua-parser/uap-core.git#2e6c983e42e7aae7d957a263cb4d3de7ccbd92af"
    },
    "uap-ref-impl": {
      "version": "0.2.0",
      "resolved": "https://registry.npmjs.org/uap-ref-impl/-/uap-ref-impl-0.2.0.tgz",
      "integrity": "sha1-EDJIGgSJMDYzY/1Pz4QK2pfAHwM=",
      "requires": {
        "yamlparser": ">=0.0.2"
      }
    },
    "yamlparser": {
      "version": "0.0.2",
      "resolved": "https://registry.npmjs.org/yamlparser/-/yamlparser-0.0.2.tgz",
      "integrity": "sha1-Mjk+avxwyMoGa2ZQrGc4tIFnjrw="
    }
  }
}
